// !$*UTF8*$!
{
	archiveVersion = 1;
	classes = {
	};
	objectVersion = 50;
	objects = {

/* Begin PBXBuildFile section */
		9B22BC8158F272F09E869376 /* Pods_VKClient.framework in Frameworks */ = {isa = PBXBuildFile; fileRef = B838BD13803E1E5CC2C67AF7 /* Pods_VKClient.framework */; };
		E702434821F0F70600BFB542 /* News.swift in Sources */ = {isa = PBXBuildFile; fileRef = E702434721F0F70600BFB542 /* News.swift */; };
		E707E69522032AFE0096693E /* CustomPushAnimator.swift in Sources */ = {isa = PBXBuildFile; fileRef = E707E69422032AFE0096693E /* CustomPushAnimator.swift */; };
		E707E697220339710096693E /* CustomPopAnimator.swift in Sources */ = {isa = PBXBuildFile; fileRef = E707E696220339710096693E /* CustomPopAnimator.swift */; };
		E707E69922033BBB0096693E /* CustomNavigationController.swift in Sources */ = {isa = PBXBuildFile; fileRef = E707E69822033BBB0096693E /* CustomNavigationController.swift */; };
		E70B5F36224AA9D400040B5E /* Owner.swift in Sources */ = {isa = PBXBuildFile; fileRef = E70B5F35224AA9D400040B5E /* Owner.swift */; };
		E71F49B622145A1B00DDB835 /* DataService.swift in Sources */ = {isa = PBXBuildFile; fileRef = E71F49B522145A1B00DDB835 /* DataService.swift */; };
		E75478262240C4B7002B80BB /* Actions.swift in Sources */ = {isa = PBXBuildFile; fileRef = E75478252240C4B7002B80BB /* Actions.swift */; };
		E768D7AE224FEF85003F1C77 /* ConversationTableViewCell.swift in Sources */ = {isa = PBXBuildFile; fileRef = E768D7AD224FEF85003F1C77 /* ConversationTableViewCell.swift */; };
		E768D7B0224FEFB5003F1C77 /* ConversationController.swift in Sources */ = {isa = PBXBuildFile; fileRef = E768D7AF224FEFB5003F1C77 /* ConversationController.swift */; };
		E768D7B3224FF458003F1C77 /* ConversationNetworkService.swift in Sources */ = {isa = PBXBuildFile; fileRef = E768D7B2224FF458003F1C77 /* ConversationNetworkService.swift */; };
		E768D7B5224FF8FC003F1C77 /* Conversation.swift in Sources */ = {isa = PBXBuildFile; fileRef = E768D7B4224FF8FC003F1C77 /* Conversation.swift */; };
		E778E4CE2233A7CA0055A226 /* DetailedFriendFotoCellLayout.swift in Sources */ = {isa = PBXBuildFile; fileRef = E778E4CD2233A7CA0055A226 /* DetailedFriendFotoCellLayout.swift */; };
		E77F91C1221DE1B2006E0647 /* Throttler.swift in Sources */ = {isa = PBXBuildFile; fileRef = E77F91C0221DE1B2006E0647 /* Throttler.swift */; };
		E78054DD21C6CFDB008D179C /* AppDelegate.swift in Sources */ = {isa = PBXBuildFile; fileRef = E78054DC21C6CFDB008D179C /* AppDelegate.swift */; };
		E78054E421C6CFDC008D179C /* Assets.xcassets in Resources */ = {isa = PBXBuildFile; fileRef = E78054E321C6CFDC008D179C /* Assets.xcassets */; };
		E78054E721C6CFDC008D179C /* LaunchScreen.storyboard in Resources */ = {isa = PBXBuildFile; fileRef = E78054E521C6CFDC008D179C /* LaunchScreen.storyboard */; };
		E78054F121C6D14A008D179C /* StartScreenViewController.swift in Sources */ = {isa = PBXBuildFile; fileRef = E78054F021C6D14A008D179C /* StartScreenViewController.swift */; };
		E78054F321C6D35F008D179C /* LoginFormViewController.swift in Sources */ = {isa = PBXBuildFile; fileRef = E78054F221C6D35F008D179C /* LoginFormViewController.swift */; };
		E789E836221414D2009E51ED /* DetailedFriendFotoViewController.swift in Sources */ = {isa = PBXBuildFile; fileRef = E789E835221414D2009E51ED /* DetailedFriendFotoViewController.swift */; };
		E789E8382214163E009E51ED /* DetailedFriendFotoCell.swift in Sources */ = {isa = PBXBuildFile; fileRef = E789E8372214163E009E51ED /* DetailedFriendFotoCell.swift */; };
		E795AFFA22691AA90022A8C5 /* NewNewsCell.swift in Sources */ = {isa = PBXBuildFile; fileRef = E795AFF922691AA90022A8C5 /* NewNewsCell.swift */; };
		E795AFFC22691AD30022A8C5 /* NewNewsController.swift in Sources */ = {isa = PBXBuildFile; fileRef = E795AFFB22691AD30022A8C5 /* NewNewsController.swift */; };
		E7A11C5921D0192D000DB879 /* MyGroupsCell.swift in Sources */ = {isa = PBXBuildFile; fileRef = E7A11C5821D0192D000DB879 /* MyGroupsCell.swift */; };
		E7A11C5B21D0194C000DB879 /* MyGroupsController.swift in Sources */ = {isa = PBXBuildFile; fileRef = E7A11C5A21D0194C000DB879 /* MyGroupsController.swift */; };
		E7AE481F2203706900AE346A /* CustomInteractiveTransition.swift in Sources */ = {isa = PBXBuildFile; fileRef = E7AE481E2203706900AE346A /* CustomInteractiveTransition.swift */; };
		E7B3BD6B2237AD13003B68F3 /* RoundedAvatarWithShadow.swift in Sources */ = {isa = PBXBuildFile; fileRef = E7B3BD6A2237AD13003B68F3 /* RoundedAvatarWithShadow.swift */; };
		E7BCA87322062BE700FDC05A /* Groups.storyboard in Resources */ = {isa = PBXBuildFile; fileRef = E7BCA87222062BE700FDC05A /* Groups.storyboard */; };
		E7BCA879220634F700FDC05A /* Friends.storyboard in Resources */ = {isa = PBXBuildFile; fileRef = E7BCA878220634F700FDC05A /* Friends.storyboard */; };
		E7BCA87B2206352100FDC05A /* News.storyboard in Resources */ = {isa = PBXBuildFile; fileRef = E7BCA87A2206352100FDC05A /* News.storyboard */; };
		E7BCA87D2206353600FDC05A /* Main.storyboard in Resources */ = {isa = PBXBuildFile; fileRef = E7BCA87C2206353600FDC05A /* Main.storyboard */; };
		E7BFDF99228C63B7004DE780 /* NewsWebLinkViewController.swift in Sources */ = {isa = PBXBuildFile; fileRef = E7BFDF98228C63B7004DE780 /* NewsWebLinkViewController.swift */; };
		E7D28F0721D15CA2008F4475 /* FriendFotoController.swift in Sources */ = {isa = PBXBuildFile; fileRef = E7D28F0621D15CA2008F4475 /* FriendFotoController.swift */; };
		E7D28F0921D15CBC008F4475 /* FriendFotoCell.swift in Sources */ = {isa = PBXBuildFile; fileRef = E7D28F0821D15CBC008F4475 /* FriendFotoCell.swift */; };
		E7D28F0B21D15CF5008F4475 /* FriendsController.swift in Sources */ = {isa = PBXBuildFile; fileRef = E7D28F0A21D15CF5008F4475 /* FriendsController.swift */; };
		E7D28F0D21D15D0E008F4475 /* FriendsCell.swift in Sources */ = {isa = PBXBuildFile; fileRef = E7D28F0C21D15D0E008F4475 /* FriendsCell.swift */; };
		E7D41110222C548100F349DD /* GoogleService-Info.plist in Resources */ = {isa = PBXBuildFile; fileRef = E7D4110F222C548100F349DD /* GoogleService-Info.plist */; };
		E7D55865223A35AA0064465B /* Message.swift in Sources */ = {isa = PBXBuildFile; fileRef = E7D55864223A35AA0064465B /* Message.swift */; };
		E7D55867223A39E90064465B /* MessagesController.swift in Sources */ = {isa = PBXBuildFile; fileRef = E7D55866223A39E90064465B /* MessagesController.swift */; };
		E7D5586A223A3AC00064465B /* Messages.storyboard in Resources */ = {isa = PBXBuildFile; fileRef = E7D55869223A3AC00064465B /* Messages.storyboard */; };
		E7D5586C223A3DB80064465B /* MessagesCell.swift in Sources */ = {isa = PBXBuildFile; fileRef = E7D5586B223A3DB80064465B /* MessagesCell.swift */; };
		E7D5586E223AA4CE0064465B /* FriendsNetworkService.swift in Sources */ = {isa = PBXBuildFile; fileRef = E7D5586D223AA4CE0064465B /* FriendsNetworkService.swift */; };
		E7D55870223AA6830064465B /* GroupsNetworkService.swift in Sources */ = {isa = PBXBuildFile; fileRef = E7D5586F223AA6830064465B /* GroupsNetworkService.swift */; };
		E7D55872223AA7780064465B /* NewsNetworkService.swift in Sources */ = {isa = PBXBuildFile; fileRef = E7D55871223AA7780064465B /* NewsNetworkService.swift */; };
		E7D55874223AA8190064465B /* MessagesNetworkService.swift in Sources */ = {isa = PBXBuildFile; fileRef = E7D55873223AA8190064465B /* MessagesNetworkService.swift */; };
		E7D55876223AA88D0064465B /* UtilityNetworkService.swift in Sources */ = {isa = PBXBuildFile; fileRef = E7D55875223AA88D0064465B /* UtilityNetworkService.swift */; };
		E7D75DE4225FD677009CC802 /* PhotoService.swift in Sources */ = {isa = PBXBuildFile; fileRef = E7D75DE3225FD677009CC802 /* PhotoService.swift */; };
		E7D75DE6225FD807009CC802 /* DataReloadable.swift in Sources */ = {isa = PBXBuildFile; fileRef = E7D75DE5225FD807009CC802 /* DataReloadable.swift */; };
		E7DB5CAE220FFF74003CBFCD /* User.swift in Sources */ = {isa = PBXBuildFile; fileRef = E7DB5CAD220FFF74003CBFCD /* User.swift */; };
		E7DB5CB022100082003CBFCD /* Photo.swift in Sources */ = {isa = PBXBuildFile; fileRef = E7DB5CAF22100082003CBFCD /* Photo.swift */; };
		E7DB5CB222100107003CBFCD /* Group.swift in Sources */ = {isa = PBXBuildFile; fileRef = E7DB5CB122100107003CBFCD /* Group.swift */; };
		E7E2AA57224B642000D4E699 /* NewsResponse.swift in Sources */ = {isa = PBXBuildFile; fileRef = E7E2AA56224B642000D4E699 /* NewsResponse.swift */; };
		E7E66589220779940071B5C9 /* Session.swift in Sources */ = {isa = PBXBuildFile; fileRef = E7E66588220779940071B5C9 /* Session.swift */; };
		E7EA7DF121EA750C00D813B3 /* GradientView.swift in Sources */ = {isa = PBXBuildFile; fileRef = E7EA7DF021EA750C00D813B3 /* GradientView.swift */; };
		E7F0EDF221E353DF00F299B5 /* UIImageView.swift in Sources */ = {isa = PBXBuildFile; fileRef = E7F0EDF121E353DF00F299B5 /* UIImageView.swift */; };
/* End PBXBuildFile section */

/* Begin PBXFileReference section */
		08C960A2D8C8693CDB1198BF /* Pods-VKClient.debug.xcconfig */ = {isa = PBXFileReference; includeInIndex = 1; lastKnownFileType = text.xcconfig; name = "Pods-VKClient.debug.xcconfig"; path = "Pods/Target Support Files/Pods-VKClient/Pods-VKClient.debug.xcconfig"; sourceTree = "<group>"; };
		919E519854F046E7C1B07E7F /* Pods-VKClient.release.xcconfig */ = {isa = PBXFileReference; includeInIndex = 1; lastKnownFileType = text.xcconfig; name = "Pods-VKClient.release.xcconfig"; path = "Pods/Target Support Files/Pods-VKClient/Pods-VKClient.release.xcconfig"; sourceTree = "<group>"; };
		B838BD13803E1E5CC2C67AF7 /* Pods_VKClient.framework */ = {isa = PBXFileReference; explicitFileType = wrapper.framework; includeInIndex = 0; path = Pods_VKClient.framework; sourceTree = BUILT_PRODUCTS_DIR; };
		E702434721F0F70600BFB542 /* News.swift */ = {isa = PBXFileReference; lastKnownFileType = sourcecode.swift; path = News.swift; sourceTree = "<group>"; };
		E707E69422032AFE0096693E /* CustomPushAnimator.swift */ = {isa = PBXFileReference; lastKnownFileType = sourcecode.swift; path = CustomPushAnimator.swift; sourceTree = "<group>"; };
		E707E696220339710096693E /* CustomPopAnimator.swift */ = {isa = PBXFileReference; lastKnownFileType = sourcecode.swift; path = CustomPopAnimator.swift; sourceTree = "<group>"; };
		E707E69822033BBB0096693E /* CustomNavigationController.swift */ = {isa = PBXFileReference; lastKnownFileType = sourcecode.swift; path = CustomNavigationController.swift; sourceTree = "<group>"; };
		E70B5F35224AA9D400040B5E /* Owner.swift */ = {isa = PBXFileReference; lastKnownFileType = sourcecode.swift; path = Owner.swift; sourceTree = "<group>"; };
		E71F49B522145A1B00DDB835 /* DataService.swift */ = {isa = PBXFileReference; lastKnownFileType = sourcecode.swift; path = DataService.swift; sourceTree = "<group>"; };
		E75478252240C4B7002B80BB /* Actions.swift */ = {isa = PBXFileReference; lastKnownFileType = sourcecode.swift; path = Actions.swift; sourceTree = "<group>"; };
		E768D7AD224FEF85003F1C77 /* ConversationTableViewCell.swift */ = {isa = PBXFileReference; lastKnownFileType = sourcecode.swift; path = ConversationTableViewCell.swift; sourceTree = "<group>"; };
		E768D7AF224FEFB5003F1C77 /* ConversationController.swift */ = {isa = PBXFileReference; lastKnownFileType = sourcecode.swift; path = ConversationController.swift; sourceTree = "<group>"; };
		E768D7B2224FF458003F1C77 /* ConversationNetworkService.swift */ = {isa = PBXFileReference; lastKnownFileType = sourcecode.swift; path = ConversationNetworkService.swift; sourceTree = "<group>"; };
		E768D7B4224FF8FC003F1C77 /* Conversation.swift */ = {isa = PBXFileReference; lastKnownFileType = sourcecode.swift; path = Conversation.swift; sourceTree = "<group>"; };
		E778E4CD2233A7CA0055A226 /* DetailedFriendFotoCellLayout.swift */ = {isa = PBXFileReference; lastKnownFileType = sourcecode.swift; path = DetailedFriendFotoCellLayout.swift; sourceTree = "<group>"; };
		E77F91C0221DE1B2006E0647 /* Throttler.swift */ = {isa = PBXFileReference; lastKnownFileType = sourcecode.swift; path = Throttler.swift; sourceTree = "<group>"; };
		E78054D921C6CFDB008D179C /* VKClient.app */ = {isa = PBXFileReference; explicitFileType = wrapper.application; includeInIndex = 0; path = VKClient.app; sourceTree = BUILT_PRODUCTS_DIR; };
		E78054DC21C6CFDB008D179C /* AppDelegate.swift */ = {isa = PBXFileReference; lastKnownFileType = sourcecode.swift; path = AppDelegate.swift; sourceTree = "<group>"; };
		E78054E321C6CFDC008D179C /* Assets.xcassets */ = {isa = PBXFileReference; lastKnownFileType = folder.assetcatalog; path = Assets.xcassets; sourceTree = "<group>"; };
		E78054E621C6CFDC008D179C /* Base */ = {isa = PBXFileReference; lastKnownFileType = file.storyboard; name = Base; path = Base.lproj/LaunchScreen.storyboard; sourceTree = "<group>"; };
		E78054E821C6CFDC008D179C /* Info.plist */ = {isa = PBXFileReference; lastKnownFileType = text.plist.xml; path = Info.plist; sourceTree = "<group>"; };
		E78054F021C6D14A008D179C /* StartScreenViewController.swift */ = {isa = PBXFileReference; lastKnownFileType = sourcecode.swift; path = StartScreenViewController.swift; sourceTree = "<group>"; };
		E78054F221C6D35F008D179C /* LoginFormViewController.swift */ = {isa = PBXFileReference; lastKnownFileType = sourcecode.swift; path = LoginFormViewController.swift; sourceTree = "<group>"; };
		E789E835221414D2009E51ED /* DetailedFriendFotoViewController.swift */ = {isa = PBXFileReference; lastKnownFileType = sourcecode.swift; path = DetailedFriendFotoViewController.swift; sourceTree = "<group>"; };
		E789E8372214163E009E51ED /* DetailedFriendFotoCell.swift */ = {isa = PBXFileReference; lastKnownFileType = sourcecode.swift; path = DetailedFriendFotoCell.swift; sourceTree = "<group>"; };
		E795AFF922691AA90022A8C5 /* NewNewsCell.swift */ = {isa = PBXFileReference; lastKnownFileType = sourcecode.swift; path = NewNewsCell.swift; sourceTree = "<group>"; };
		E795AFFB22691AD30022A8C5 /* NewNewsController.swift */ = {isa = PBXFileReference; lastKnownFileType = sourcecode.swift; path = NewNewsController.swift; sourceTree = "<group>"; };
		E7A11C5821D0192D000DB879 /* MyGroupsCell.swift */ = {isa = PBXFileReference; lastKnownFileType = sourcecode.swift; path = MyGroupsCell.swift; sourceTree = "<group>"; };
		E7A11C5A21D0194C000DB879 /* MyGroupsController.swift */ = {isa = PBXFileReference; lastKnownFileType = sourcecode.swift; path = MyGroupsController.swift; sourceTree = "<group>"; };
		E7AE481E2203706900AE346A /* CustomInteractiveTransition.swift */ = {isa = PBXFileReference; lastKnownFileType = sourcecode.swift; path = CustomInteractiveTransition.swift; sourceTree = "<group>"; };
		E7B3BD6A2237AD13003B68F3 /* RoundedAvatarWithShadow.swift */ = {isa = PBXFileReference; lastKnownFileType = sourcecode.swift; path = RoundedAvatarWithShadow.swift; sourceTree = "<group>"; };
		E7BCA87222062BE700FDC05A /* Groups.storyboard */ = {isa = PBXFileReference; fileEncoding = 4; lastKnownFileType = file.storyboard; path = Groups.storyboard; sourceTree = "<group>"; };
		E7BCA878220634F700FDC05A /* Friends.storyboard */ = {isa = PBXFileReference; fileEncoding = 4; lastKnownFileType = file.storyboard; path = Friends.storyboard; sourceTree = "<group>"; };
		E7BCA87A2206352100FDC05A /* News.storyboard */ = {isa = PBXFileReference; fileEncoding = 4; lastKnownFileType = file.storyboard; path = News.storyboard; sourceTree = "<group>"; };
		E7BCA87C2206353600FDC05A /* Main.storyboard */ = {isa = PBXFileReference; fileEncoding = 4; lastKnownFileType = file.storyboard; path = Main.storyboard; sourceTree = "<group>"; };
		E7BFDF98228C63B7004DE780 /* NewsWebLinkViewController.swift */ = {isa = PBXFileReference; lastKnownFileType = sourcecode.swift; path = NewsWebLinkViewController.swift; sourceTree = "<group>"; };
		E7D28F0621D15CA2008F4475 /* FriendFotoController.swift */ = {isa = PBXFileReference; lastKnownFileType = sourcecode.swift; path = FriendFotoController.swift; sourceTree = "<group>"; };
		E7D28F0821D15CBC008F4475 /* FriendFotoCell.swift */ = {isa = PBXFileReference; lastKnownFileType = sourcecode.swift; path = FriendFotoCell.swift; sourceTree = "<group>"; };
		E7D28F0A21D15CF5008F4475 /* FriendsController.swift */ = {isa = PBXFileReference; lastKnownFileType = sourcecode.swift; path = FriendsController.swift; sourceTree = "<group>"; };
		E7D28F0C21D15D0E008F4475 /* FriendsCell.swift */ = {isa = PBXFileReference; lastKnownFileType = sourcecode.swift; path = FriendsCell.swift; sourceTree = "<group>"; };
		E7D4110F222C548100F349DD /* GoogleService-Info.plist */ = {isa = PBXFileReference; fileEncoding = 4; lastKnownFileType = text.plist.xml; path = "GoogleService-Info.plist"; sourceTree = "<group>"; };
		E7D55864223A35AA0064465B /* Message.swift */ = {isa = PBXFileReference; lastKnownFileType = sourcecode.swift; path = Message.swift; sourceTree = "<group>"; };
		E7D55866223A39E90064465B /* MessagesController.swift */ = {isa = PBXFileReference; lastKnownFileType = sourcecode.swift; path = MessagesController.swift; sourceTree = "<group>"; };
		E7D55869223A3AC00064465B /* Messages.storyboard */ = {isa = PBXFileReference; fileEncoding = 4; lastKnownFileType = file.storyboard; path = Messages.storyboard; sourceTree = "<group>"; };
		E7D5586B223A3DB80064465B /* MessagesCell.swift */ = {isa = PBXFileReference; lastKnownFileType = sourcecode.swift; path = MessagesCell.swift; sourceTree = "<group>"; };
		E7D5586D223AA4CE0064465B /* FriendsNetworkService.swift */ = {isa = PBXFileReference; lastKnownFileType = sourcecode.swift; path = FriendsNetworkService.swift; sourceTree = "<group>"; };
		E7D5586F223AA6830064465B /* GroupsNetworkService.swift */ = {isa = PBXFileReference; lastKnownFileType = sourcecode.swift; path = GroupsNetworkService.swift; sourceTree = "<group>"; };
		E7D55871223AA7780064465B /* NewsNetworkService.swift */ = {isa = PBXFileReference; lastKnownFileType = sourcecode.swift; path = NewsNetworkService.swift; sourceTree = "<group>"; };
		E7D55873223AA8190064465B /* MessagesNetworkService.swift */ = {isa = PBXFileReference; lastKnownFileType = sourcecode.swift; path = MessagesNetworkService.swift; sourceTree = "<group>"; };
		E7D55875223AA88D0064465B /* UtilityNetworkService.swift */ = {isa = PBXFileReference; lastKnownFileType = sourcecode.swift; path = UtilityNetworkService.swift; sourceTree = "<group>"; };
		E7D75DE3225FD677009CC802 /* PhotoService.swift */ = {isa = PBXFileReference; lastKnownFileType = sourcecode.swift; path = PhotoService.swift; sourceTree = "<group>"; };
		E7D75DE5225FD807009CC802 /* DataReloadable.swift */ = {isa = PBXFileReference; lastKnownFileType = sourcecode.swift; path = DataReloadable.swift; sourceTree = "<group>"; };
		E7DB5CAD220FFF74003CBFCD /* User.swift */ = {isa = PBXFileReference; lastKnownFileType = sourcecode.swift; path = User.swift; sourceTree = "<group>"; };
		E7DB5CAF22100082003CBFCD /* Photo.swift */ = {isa = PBXFileReference; lastKnownFileType = sourcecode.swift; path = Photo.swift; sourceTree = "<group>"; };
		E7DB5CB122100107003CBFCD /* Group.swift */ = {isa = PBXFileReference; lastKnownFileType = sourcecode.swift; path = Group.swift; sourceTree = "<group>"; };
		E7E2AA56224B642000D4E699 /* NewsResponse.swift */ = {isa = PBXFileReference; lastKnownFileType = sourcecode.swift; path = NewsResponse.swift; sourceTree = "<group>"; };
		E7E66588220779940071B5C9 /* Session.swift */ = {isa = PBXFileReference; lastKnownFileType = sourcecode.swift; path = Session.swift; sourceTree = "<group>"; };
		E7EA7DF021EA750C00D813B3 /* GradientView.swift */ = {isa = PBXFileReference; lastKnownFileType = sourcecode.swift; path = GradientView.swift; sourceTree = "<group>"; };
		E7F0EDF121E353DF00F299B5 /* UIImageView.swift */ = {isa = PBXFileReference; lastKnownFileType = sourcecode.swift; path = UIImageView.swift; sourceTree = "<group>"; };
/* End PBXFileReference section */

/* Begin PBXFrameworksBuildPhase section */
		E78054D621C6CFDB008D179C /* Frameworks */ = {
			isa = PBXFrameworksBuildPhase;
			buildActionMask = 2147483647;
			files = (
				9B22BC8158F272F09E869376 /* Pods_VKClient.framework in Frameworks */,
			);
			runOnlyForDeploymentPostprocessing = 0;
		};
/* End PBXFrameworksBuildPhase section */

/* Begin PBXGroup section */
		DCA40E571DBEF198C99B4515 /* Frameworks */ = {
			isa = PBXGroup;
			children = (
				B838BD13803E1E5CC2C67AF7 /* Pods_VKClient.framework */,
			);
			name = Frameworks;
			sourceTree = "<group>";
		};
		E702434121F03B6B00BFB542 /* Model */ = {
			isa = PBXGroup;
			children = (
				E7E66588220779940071B5C9 /* Session.swift */,
				E7DB5CAD220FFF74003CBFCD /* User.swift */,
				E7DB5CB122100107003CBFCD /* Group.swift */,
				E7DB5CAF22100082003CBFCD /* Photo.swift */,
				E702434721F0F70600BFB542 /* News.swift */,
				E70B5F35224AA9D400040B5E /* Owner.swift */,
				E7E2AA56224B642000D4E699 /* NewsResponse.swift */,
				E7D55864223A35AA0064465B /* Message.swift */,
				E768D7B4224FF8FC003F1C77 /* Conversation.swift */,
				E75478252240C4B7002B80BB /* Actions.swift */,
				E7D75DE5225FD807009CC802 /* DataReloadable.swift */,
			);
			path = Model;
			sourceTree = "<group>";
		};
		E768D7B1224FEFED003F1C77 /* Conversation */ = {
			isa = PBXGroup;
			children = (
				E768D7AF224FEFB5003F1C77 /* ConversationController.swift */,
				E768D7AD224FEF85003F1C77 /* ConversationTableViewCell.swift */,
			);
			path = Conversation;
			sourceTree = "<group>";
		};
		E78054D021C6CFDB008D179C = {
			isa = PBXGroup;
			children = (
				E78054DB21C6CFDB008D179C /* VKClient */,
				E78054DA21C6CFDB008D179C /* Products */,
				FB5F5AD2459DC4963F0C310D /* Pods */,
				DCA40E571DBEF198C99B4515 /* Frameworks */,
			);
			sourceTree = "<group>";
		};
		E78054DA21C6CFDB008D179C /* Products */ = {
			isa = PBXGroup;
			children = (
				E78054D921C6CFDB008D179C /* VKClient.app */,
			);
			name = Products;
			sourceTree = "<group>";
		};
		E78054DB21C6CFDB008D179C /* VKClient */ = {
			isa = PBXGroup;
			children = (
				E7B3BD692237A232003B68F3 /* Services */,
				E7BCA87722062C1B00FDC05A /* Stotyboards */,
				E79EC7BB22061EC400D25DDB /* Start Screen */,
				E7D28F0421D15C54008F4475 /* Friends */,
				E7D28F0521D15C72008F4475 /* FriendFoto */,
				E789E8392214164B009E51ED /* DetailedFriendFoto */,
				E7A11C5721D018DF000DB879 /* MyGroups */,
				E795AFFD22691AE40022A8C5 /* NewNews */,
				E7D55868223A39F90064465B /* Messages */,
				E768D7B1224FEFED003F1C77 /* Conversation */,
				E702434121F03B6B00BFB542 /* Model */,
				E789E83422140ED3009E51ED /* Animation, custom controllers, layouts */,
				E77F91C0221DE1B2006E0647 /* Throttler.swift */,
				E78054E321C6CFDC008D179C /* Assets.xcassets */,
				E78054DC21C6CFDB008D179C /* AppDelegate.swift */,
				E78054E521C6CFDC008D179C /* LaunchScreen.storyboard */,
				E78054E821C6CFDC008D179C /* Info.plist */,
				E7D4110F222C548100F349DD /* GoogleService-Info.plist */,
			);
			path = VKClient;
			sourceTree = "<group>";
		};
		E789E83422140ED3009E51ED /* Animation, custom controllers, layouts */ = {
			isa = PBXGroup;
			children = (
				E707E69422032AFE0096693E /* CustomPushAnimator.swift */,
				E707E696220339710096693E /* CustomPopAnimator.swift */,
				E707E69822033BBB0096693E /* CustomNavigationController.swift */,
				E7AE481E2203706900AE346A /* CustomInteractiveTransition.swift */,
				E7F0EDF121E353DF00F299B5 /* UIImageView.swift */,
				E7EA7DF021EA750C00D813B3 /* GradientView.swift */,
				E7B3BD6A2237AD13003B68F3 /* RoundedAvatarWithShadow.swift */,
			);
			path = "Animation, custom controllers, layouts";
			sourceTree = "<group>";
		};
		E789E8392214164B009E51ED /* DetailedFriendFoto */ = {
			isa = PBXGroup;
			children = (
				E789E835221414D2009E51ED /* DetailedFriendFotoViewController.swift */,
				E789E8372214163E009E51ED /* DetailedFriendFotoCell.swift */,
				E778E4CD2233A7CA0055A226 /* DetailedFriendFotoCellLayout.swift */,
			);
			path = DetailedFriendFoto;
			sourceTree = "<group>";
		};
		E795AFFD22691AE40022A8C5 /* NewNews */ = {
			isa = PBXGroup;
			children = (
				E795AFFB22691AD30022A8C5 /* NewNewsController.swift */,
				E795AFF922691AA90022A8C5 /* NewNewsCell.swift */,
				E7BFDF98228C63B7004DE780 /* NewsWebLinkViewController.swift */,
			);
			path = NewNews;
			sourceTree = "<group>";
		};
		E79EC7BB22061EC400D25DDB /* Start Screen */ = {
			isa = PBXGroup;
			children = (
				E78054F021C6D14A008D179C /* StartScreenViewController.swift */,
				E78054F221C6D35F008D179C /* LoginFormViewController.swift */,
			);
			path = "Start Screen";
			sourceTree = "<group>";
		};
		E7A11C5721D018DF000DB879 /* MyGroups */ = {
			isa = PBXGroup;
			children = (
				E7A11C5A21D0194C000DB879 /* MyGroupsController.swift */,
				E7A11C5821D0192D000DB879 /* MyGroupsCell.swift */,
			);
			path = MyGroups;
			sourceTree = "<group>";
		};
		E7B3BD692237A232003B68F3 /* Services */ = {
			isa = PBXGroup;
			children = (
				E7D55877223AA8FD0064465B /* NetworkServices */,
				E71F49B522145A1B00DDB835 /* DataService.swift */,
				E7D75DE3225FD677009CC802 /* PhotoService.swift */,
			);
			path = Services;
			sourceTree = "<group>";
		};
		E7BCA87722062C1B00FDC05A /* Stotyboards */ = {
			isa = PBXGroup;
			children = (
				E7BCA87C2206353600FDC05A /* Main.storyboard */,
				E7BCA878220634F700FDC05A /* Friends.storyboard */,
				E7BCA87222062BE700FDC05A /* Groups.storyboard */,
				E7BCA87A2206352100FDC05A /* News.storyboard */,
				E7D55869223A3AC00064465B /* Messages.storyboard */,
			);
			path = Stotyboards;
			sourceTree = "<group>";
		};
		E7D28F0421D15C54008F4475 /* Friends */ = {
			isa = PBXGroup;
			children = (
				E7D28F0A21D15CF5008F4475 /* FriendsController.swift */,
				E7D28F0C21D15D0E008F4475 /* FriendsCell.swift */,
			);
			path = Friends;
			sourceTree = "<group>";
		};
		E7D28F0521D15C72008F4475 /* FriendFoto */ = {
			isa = PBXGroup;
			children = (
				E7D28F0621D15CA2008F4475 /* FriendFotoController.swift */,
				E7D28F0821D15CBC008F4475 /* FriendFotoCell.swift */,
			);
			path = FriendFoto;
			sourceTree = "<group>";
		};
		E7D55868223A39F90064465B /* Messages */ = {
			isa = PBXGroup;
			children = (
				E7D55866223A39E90064465B /* MessagesController.swift */,
				E7D5586B223A3DB80064465B /* MessagesCell.swift */,
			);
			path = Messages;
			sourceTree = "<group>";
		};
		E7D55877223AA8FD0064465B /* NetworkServices */ = {
			isa = PBXGroup;
			children = (
				E7D5586D223AA4CE0064465B /* FriendsNetworkService.swift */,
				E7D5586F223AA6830064465B /* GroupsNetworkService.swift */,
				E7D55871223AA7780064465B /* NewsNetworkService.swift */,
				E7D55873223AA8190064465B /* MessagesNetworkService.swift */,
				E768D7B2224FF458003F1C77 /* ConversationNetworkService.swift */,
				E7D55875223AA88D0064465B /* UtilityNetworkService.swift */,
			);
			path = NetworkServices;
			sourceTree = "<group>";
		};
		FB5F5AD2459DC4963F0C310D /* Pods */ = {
			isa = PBXGroup;
			children = (
				08C960A2D8C8693CDB1198BF /* Pods-VKClient.debug.xcconfig */,
				919E519854F046E7C1B07E7F /* Pods-VKClient.release.xcconfig */,
			);
			name = Pods;
			sourceTree = "<group>";
		};
/* End PBXGroup section */

/* Begin PBXNativeTarget section */
		E78054D821C6CFDB008D179C /* VKClient */ = {
			isa = PBXNativeTarget;
			buildConfigurationList = E78054EB21C6CFDC008D179C /* Build configuration list for PBXNativeTarget "VKClient" */;
			buildPhases = (
				170714BF30CF74BB32C49CEB /* [CP] Check Pods Manifest.lock */,
				E78054D521C6CFDB008D179C /* Sources */,
				E78054D621C6CFDB008D179C /* Frameworks */,
				E78054D721C6CFDB008D179C /* Resources */,
				ECBF1FAB47A353EFECFCD3A5 /* [CP] Embed Pods Frameworks */,
			);
			buildRules = (
			);
			dependencies = (
			);
			name = VKClient;
			productName = VKClient;
			productReference = E78054D921C6CFDB008D179C /* VKClient.app */;
			productType = "com.apple.product-type.application";
		};
/* End PBXNativeTarget section */

/* Begin PBXProject section */
		E78054D121C6CFDB008D179C /* Project object */ = {
			isa = PBXProject;
			attributes = {
				LastSwiftUpdateCheck = 1010;
				LastUpgradeCheck = 1010;
				ORGANIZATIONNAME = "Vladimir Bozhenov";
				TargetAttributes = {
					E78054D821C6CFDB008D179C = {
						CreatedOnToolsVersion = 10.1;
					};
				};
			};
			buildConfigurationList = E78054D421C6CFDB008D179C /* Build configuration list for PBXProject "VKClient" */;
			compatibilityVersion = "Xcode 9.3";
			developmentRegion = en;
			hasScannedForEncodings = 0;
			knownRegions = (
				en,
				Base,
			);
			mainGroup = E78054D021C6CFDB008D179C;
			productRefGroup = E78054DA21C6CFDB008D179C /* Products */;
			projectDirPath = "";
			projectRoot = "";
			targets = (
				E78054D821C6CFDB008D179C /* VKClient */,
			);
		};
/* End PBXProject section */

/* Begin PBXResourcesBuildPhase section */
		E78054D721C6CFDB008D179C /* Resources */ = {
			isa = PBXResourcesBuildPhase;
			buildActionMask = 2147483647;
			files = (
				E7BCA87322062BE700FDC05A /* Groups.storyboard in Resources */,
				E7BCA87B2206352100FDC05A /* News.storyboard in Resources */,
				E7D5586A223A3AC00064465B /* Messages.storyboard in Resources */,
				E7BCA879220634F700FDC05A /* Friends.storyboard in Resources */,
				E7BCA87D2206353600FDC05A /* Main.storyboard in Resources */,
				E78054E721C6CFDC008D179C /* LaunchScreen.storyboard in Resources */,
				E78054E421C6CFDC008D179C /* Assets.xcassets in Resources */,
				E7D41110222C548100F349DD /* GoogleService-Info.plist in Resources */,
			);
			runOnlyForDeploymentPostprocessing = 0;
		};
/* End PBXResourcesBuildPhase section */

/* Begin PBXShellScriptBuildPhase section */
		170714BF30CF74BB32C49CEB /* [CP] Check Pods Manifest.lock */ = {
			isa = PBXShellScriptBuildPhase;
			buildActionMask = 2147483647;
			files = (
			);
			inputFileListPaths = (
			);
			inputPaths = (
				"${PODS_PODFILE_DIR_PATH}/Podfile.lock",
				"${PODS_ROOT}/Manifest.lock",
			);
			name = "[CP] Check Pods Manifest.lock";
			outputFileListPaths = (
			);
			outputPaths = (
				"$(DERIVED_FILE_DIR)/Pods-VKClient-checkManifestLockResult.txt",
			);
			runOnlyForDeploymentPostprocessing = 0;
			shellPath = /bin/sh;
			shellScript = "diff \"${PODS_PODFILE_DIR_PATH}/Podfile.lock\" \"${PODS_ROOT}/Manifest.lock\" > /dev/null\nif [ $? != 0 ] ; then\n    # print error to STDERR\n    echo \"error: The sandbox is not in sync with the Podfile.lock. Run 'pod install' or update your CocoaPods installation.\" >&2\n    exit 1\nfi\n# This output is used by Xcode 'outputs' to avoid re-running this script phase.\necho \"SUCCESS\" > \"${SCRIPT_OUTPUT_FILE_0}\"\n";
			showEnvVarsInLog = 0;
		};
		ECBF1FAB47A353EFECFCD3A5 /* [CP] Embed Pods Frameworks */ = {
			isa = PBXShellScriptBuildPhase;
			buildActionMask = 2147483647;
			files = (
			);
			inputFileListPaths = (
			);
			inputPaths = (
				"${SRCROOT}/Pods/Target Support Files/Pods-VKClient/Pods-VKClient-frameworks.sh",
				"${BUILT_PRODUCTS_DIR}/Alamofire/Alamofire.framework",
				"${BUILT_PRODUCTS_DIR}/Kingfisher/Kingfisher.framework",
				"${BUILT_PRODUCTS_DIR}/Realm/Realm.framework",
				"${BUILT_PRODUCTS_DIR}/RealmSwift/RealmSwift.framework",
				"${BUILT_PRODUCTS_DIR}/SwiftyJSON/SwiftyJSON.framework",
			);
			name = "[CP] Embed Pods Frameworks";
			outputFileListPaths = (
			);
			outputPaths = (
				"${TARGET_BUILD_DIR}/${FRAMEWORKS_FOLDER_PATH}/Alamofire.framework",
				"${TARGET_BUILD_DIR}/${FRAMEWORKS_FOLDER_PATH}/Kingfisher.framework",
				"${TARGET_BUILD_DIR}/${FRAMEWORKS_FOLDER_PATH}/Realm.framework",
				"${TARGET_BUILD_DIR}/${FRAMEWORKS_FOLDER_PATH}/RealmSwift.framework",
				"${TARGET_BUILD_DIR}/${FRAMEWORKS_FOLDER_PATH}/SwiftyJSON.framework",
			);
			runOnlyForDeploymentPostprocessing = 0;
			shellPath = /bin/sh;
			shellScript = "\"${SRCROOT}/Pods/Target Support Files/Pods-VKClient/Pods-VKClient-frameworks.sh\"\n";
			showEnvVarsInLog = 0;
		};
/* End PBXShellScriptBuildPhase section */

/* Begin PBXSourcesBuildPhase section */
		E78054D521C6CFDB008D179C /* Sources */ = {
			isa = PBXSourcesBuildPhase;
			buildActionMask = 2147483647;
			files = (
				E7D5586E223AA4CE0064465B /* FriendsNetworkService.swift in Sources */,
				E78054F321C6D35F008D179C /* LoginFormViewController.swift in Sources */,
				E7E66589220779940071B5C9 /* Session.swift in Sources */,
				E7E2AA57224B642000D4E699 /* NewsResponse.swift in Sources */,
				E78054F121C6D14A008D179C /* StartScreenViewController.swift in Sources */,
				E789E836221414D2009E51ED /* DetailedFriendFotoViewController.swift in Sources */,
				E7EA7DF121EA750C00D813B3 /* GradientView.swift in Sources */,
				E7D55865223A35AA0064465B /* Message.swift in Sources */,
				E789E8382214163E009E51ED /* DetailedFriendFotoCell.swift in Sources */,
				E7DB5CAE220FFF74003CBFCD /* User.swift in Sources */,
				E778E4CE2233A7CA0055A226 /* DetailedFriendFotoCellLayout.swift in Sources */,
				E78054DD21C6CFDB008D179C /* AppDelegate.swift in Sources */,
				E7BFDF99228C63B7004DE780 /* NewsWebLinkViewController.swift in Sources */,
				E768D7B0224FEFB5003F1C77 /* ConversationController.swift in Sources */,
				E768D7AE224FEF85003F1C77 /* ConversationTableViewCell.swift in Sources */,
				E7F0EDF221E353DF00F299B5 /* UIImageView.swift in Sources */,
				E75478262240C4B7002B80BB /* Actions.swift in Sources */,
				E768D7B3224FF458003F1C77 /* ConversationNetworkService.swift in Sources */,
				E7D28F0B21D15CF5008F4475 /* FriendsController.swift in Sources */,
				E7D55870223AA6830064465B /* GroupsNetworkService.swift in Sources */,
				E707E69922033BBB0096693E /* CustomNavigationController.swift in Sources */,
				E7DB5CB022100082003CBFCD /* Photo.swift in Sources */,
				E7D28F0921D15CBC008F4475 /* FriendFotoCell.swift in Sources */,
				E7DB5CB222100107003CBFCD /* Group.swift in Sources */,
				E7D75DE6225FD807009CC802 /* DataReloadable.swift in Sources */,
				E795AFFA22691AA90022A8C5 /* NewNewsCell.swift in Sources */,
				E7AE481F2203706900AE346A /* CustomInteractiveTransition.swift in Sources */,
				E7D55876223AA88D0064465B /* UtilityNetworkService.swift in Sources */,
				E70B5F36224AA9D400040B5E /* Owner.swift in Sources */,
				E7D55874223AA8190064465B /* MessagesNetworkService.swift in Sources */,
				E7D28F0D21D15D0E008F4475 /* FriendsCell.swift in Sources */,
				E707E697220339710096693E /* CustomPopAnimator.swift in Sources */,
				E71F49B622145A1B00DDB835 /* DataService.swift in Sources */,
				E795AFFC22691AD30022A8C5 /* NewNewsController.swift in Sources */,
				E702434821F0F70600BFB542 /* News.swift in Sources */,
				E707E69522032AFE0096693E /* CustomPushAnimator.swift in Sources */,
				E768D7B5224FF8FC003F1C77 /* Conversation.swift in Sources */,
				E7D75DE4225FD677009CC802 /* PhotoService.swift in Sources */,
				E7A11C5B21D0194C000DB879 /* MyGroupsController.swift in Sources */,
				E7A11C5921D0192D000DB879 /* MyGroupsCell.swift in Sources */,
				E7D55867223A39E90064465B /* MessagesController.swift in Sources */,
				E7D5586C223A3DB80064465B /* MessagesCell.swift in Sources */,
				E77F91C1221DE1B2006E0647 /* Throttler.swift in Sources */,
				E7D28F0721D15CA2008F4475 /* FriendFotoController.swift in Sources */,
				E7B3BD6B2237AD13003B68F3 /* RoundedAvatarWithShadow.swift in Sources */,
				E7D55872223AA7780064465B /* NewsNetworkService.swift in Sources */,
			);
			runOnlyForDeploymentPostprocessing = 0;
		};
/* End PBXSourcesBuildPhase section */

/* Begin PBXVariantGroup section */
		E78054E521C6CFDC008D179C /* LaunchScreen.storyboard */ = {
			isa = PBXVariantGroup;
			children = (
				E78054E621C6CFDC008D179C /* Base */,
			);
			name = LaunchScreen.storyboard;
			sourceTree = "<group>";
		};
/* End PBXVariantGroup section */

/* Begin XCBuildConfiguration section */
		E78054E921C6CFDC008D179C /* Debug */ = {
			isa = XCBuildConfiguration;
			buildSettings = {
				ALWAYS_SEARCH_USER_PATHS = NO;
				CLANG_ANALYZER_NONNULL = YES;
				CLANG_ANALYZER_NUMBER_OBJECT_CONVERSION = YES_AGGRESSIVE;
				CLANG_CXX_LANGUAGE_STANDARD = "gnu++14";
				CLANG_CXX_LIBRARY = "libc++";
				CLANG_ENABLE_MODULES = YES;
				CLANG_ENABLE_OBJC_ARC = YES;
				CLANG_ENABLE_OBJC_WEAK = YES;
				CLANG_WARN_BLOCK_CAPTURE_AUTORELEASING = YES;
				CLANG_WARN_BOOL_CONVERSION = YES;
				CLANG_WARN_COMMA = YES;
				CLANG_WARN_CONSTANT_CONVERSION = YES;
				CLANG_WARN_DEPRECATED_OBJC_IMPLEMENTATIONS = YES;
				CLANG_WARN_DIRECT_OBJC_ISA_USAGE = YES_ERROR;
				CLANG_WARN_DOCUMENTATION_COMMENTS = YES;
				CLANG_WARN_EMPTY_BODY = YES;
				CLANG_WARN_ENUM_CONVERSION = YES;
				CLANG_WARN_INFINITE_RECURSION = YES;
				CLANG_WARN_INT_CONVERSION = YES;
				CLANG_WARN_NON_LITERAL_NULL_CONVERSION = YES;
				CLANG_WARN_OBJC_IMPLICIT_RETAIN_SELF = YES;
				CLANG_WARN_OBJC_LITERAL_CONVERSION = YES;
				CLANG_WARN_OBJC_ROOT_CLASS = YES_ERROR;
				CLANG_WARN_RANGE_LOOP_ANALYSIS = YES;
				CLANG_WARN_STRICT_PROTOTYPES = YES;
				CLANG_WARN_SUSPICIOUS_MOVE = YES;
				CLANG_WARN_UNGUARDED_AVAILABILITY = YES_AGGRESSIVE;
				CLANG_WARN_UNREACHABLE_CODE = YES;
				CLANG_WARN__DUPLICATE_METHOD_MATCH = YES;
				CODE_SIGN_IDENTITY = "iPhone Developer";
				COPY_PHASE_STRIP = NO;
				DEBUG_INFORMATION_FORMAT = dwarf;
				ENABLE_STRICT_OBJC_MSGSEND = YES;
				ENABLE_TESTABILITY = YES;
				GCC_C_LANGUAGE_STANDARD = gnu11;
				GCC_DYNAMIC_NO_PIC = NO;
				GCC_NO_COMMON_BLOCKS = YES;
				GCC_OPTIMIZATION_LEVEL = 0;
				GCC_PREPROCESSOR_DEFINITIONS = (
					"DEBUG=1",
					"$(inherited)",
				);
				GCC_WARN_64_TO_32_BIT_CONVERSION = YES;
				GCC_WARN_ABOUT_RETURN_TYPE = YES_ERROR;
				GCC_WARN_UNDECLARED_SELECTOR = YES;
				GCC_WARN_UNINITIALIZED_AUTOS = YES_AGGRESSIVE;
				GCC_WARN_UNUSED_FUNCTION = YES;
				GCC_WARN_UNUSED_VARIABLE = YES;
				IPHONEOS_DEPLOYMENT_TARGET = 12.1;
				MTL_ENABLE_DEBUG_INFO = INCLUDE_SOURCE;
				MTL_FAST_MATH = YES;
				ONLY_ACTIVE_ARCH = YES;
				SDKROOT = iphoneos;
				SWIFT_ACTIVE_COMPILATION_CONDITIONS = DEBUG;
				SWIFT_OPTIMIZATION_LEVEL = "-Onone";
			};
			name = Debug;
		};
		E78054EA21C6CFDC008D179C /* Release */ = {
			isa = XCBuildConfiguration;
			buildSettings = {
				ALWAYS_SEARCH_USER_PATHS = NO;
				CLANG_ANALYZER_NONNULL = YES;
				CLANG_ANALYZER_NUMBER_OBJECT_CONVERSION = YES_AGGRESSIVE;
				CLANG_CXX_LANGUAGE_STANDARD = "gnu++14";
				CLANG_CXX_LIBRARY = "libc++";
				CLANG_ENABLE_MODULES = YES;
				CLANG_ENABLE_OBJC_ARC = YES;
				CLANG_ENABLE_OBJC_WEAK = YES;
				CLANG_WARN_BLOCK_CAPTURE_AUTORELEASING = YES;
				CLANG_WARN_BOOL_CONVERSION = YES;
				CLANG_WARN_COMMA = YES;
				CLANG_WARN_CONSTANT_CONVERSION = YES;
				CLANG_WARN_DEPRECATED_OBJC_IMPLEMENTATIONS = YES;
				CLANG_WARN_DIRECT_OBJC_ISA_USAGE = YES_ERROR;
				CLANG_WARN_DOCUMENTATION_COMMENTS = YES;
				CLANG_WARN_EMPTY_BODY = YES;
				CLANG_WARN_ENUM_CONVERSION = YES;
				CLANG_WARN_INFINITE_RECURSION = YES;
				CLANG_WARN_INT_CONVERSION = YES;
				CLANG_WARN_NON_LITERAL_NULL_CONVERSION = YES;
				CLANG_WARN_OBJC_IMPLICIT_RETAIN_SELF = YES;
				CLANG_WARN_OBJC_LITERAL_CONVERSION = YES;
				CLANG_WARN_OBJC_ROOT_CLASS = YES_ERROR;
				CLANG_WARN_RANGE_LOOP_ANALYSIS = YES;
				CLANG_WARN_STRICT_PROTOTYPES = YES;
				CLANG_WARN_SUSPICIOUS_MOVE = YES;
				CLANG_WARN_UNGUARDED_AVAILABILITY = YES_AGGRESSIVE;
				CLANG_WARN_UNREACHABLE_CODE = YES;
				CLANG_WARN__DUPLICATE_METHOD_MATCH = YES;
				CODE_SIGN_IDENTITY = "iPhone Developer";
				COPY_PHASE_STRIP = NO;
				DEBUG_INFORMATION_FORMAT = "dwarf-with-dsym";
				ENABLE_NS_ASSERTIONS = NO;
				ENABLE_STRICT_OBJC_MSGSEND = YES;
				GCC_C_LANGUAGE_STANDARD = gnu11;
				GCC_NO_COMMON_BLOCKS = YES;
				GCC_WARN_64_TO_32_BIT_CONVERSION = YES;
				GCC_WARN_ABOUT_RETURN_TYPE = YES_ERROR;
				GCC_WARN_UNDECLARED_SELECTOR = YES;
				GCC_WARN_UNINITIALIZED_AUTOS = YES_AGGRESSIVE;
				GCC_WARN_UNUSED_FUNCTION = YES;
				GCC_WARN_UNUSED_VARIABLE = YES;
				IPHONEOS_DEPLOYMENT_TARGET = 12.1;
				MTL_ENABLE_DEBUG_INFO = NO;
				MTL_FAST_MATH = YES;
				SDKROOT = iphoneos;
				SWIFT_COMPILATION_MODE = wholemodule;
				SWIFT_OPTIMIZATION_LEVEL = "-O";
				VALIDATE_PRODUCT = YES;
			};
			name = Release;
		};
		E78054EC21C6CFDC008D179C /* Debug */ = {
			isa = XCBuildConfiguration;
			baseConfigurationReference = 08C960A2D8C8693CDB1198BF /* Pods-VKClient.debug.xcconfig */;
			buildSettings = {
				ASSETCATALOG_COMPILER_APPICON_NAME = AppIcon;
				CODE_SIGN_STYLE = Automatic;
				DEVELOPMENT_TEAM = FKDCWTLKJ8;
				INFOPLIST_FILE = VKClient/Info.plist;
				LD_RUNPATH_SEARCH_PATHS = (
					"$(inherited)",
					"@executable_path/Frameworks",
				);
				PRODUCT_BUNDLE_IDENTIFIER = bozhenov.ru.VKClient;
				PRODUCT_NAME = "$(TARGET_NAME)";
				SWIFT_VERSION = 4.2;
				TARGETED_DEVICE_FAMILY = "1,2";
			};
			name = Debug;
		};
		E78054ED21C6CFDC008D179C /* Release */ = {
			isa = XCBuildConfiguration;
			baseConfigurationReference = 919E519854F046E7C1B07E7F /* Pods-VKClient.release.xcconfig */;
			buildSettings = {
				ASSETCATALOG_COMPILER_APPICON_NAME = AppIcon;
				CODE_SIGN_STYLE = Automatic;
				DEVELOPMENT_TEAM = FKDCWTLKJ8;
				INFOPLIST_FILE = VKClient/Info.plist;
				LD_RUNPATH_SEARCH_PATHS = (
					"$(inherited)",
					"@executable_path/Frameworks",
				);
				PRODUCT_BUNDLE_IDENTIFIER = bozhenov.ru.VKClient;
				PRODUCT_NAME = "$(TARGET_NAME)";
				SWIFT_VERSION = 4.2;
				TARGETED_DEVICE_FAMILY = "1,2";
			};
			name = Release;
		};
/* End XCBuildConfiguration section */

/* Begin XCConfigurationList section */
		E78054D421C6CFDB008D179C /* Build configuration list for PBXProject "VKClient" */ = {
			isa = XCConfigurationList;
			buildConfigurations = (
				E78054E921C6CFDC008D179C /* Debug */,
				E78054EA21C6CFDC008D179C /* Release */,
			);
			defaultConfigurationIsVisible = 0;
			defaultConfigurationName = Release;
		};
		E78054EB21C6CFDC008D179C /* Build configuration list for PBXNativeTarget "VKClient" */ = {
			isa = XCConfigurationList;
			buildConfigurations = (
				E78054EC21C6CFDC008D179C /* Debug */,
				E78054ED21C6CFDC008D179C /* Release */,
			);
			defaultConfigurationIsVisible = 0;
			defaultConfigurationName = Release;
		};
/* End XCConfigurationList section */
	};
	rootObject = E78054D121C6CFDB008D179C /* Project object */;
}
